
Microsoft Visual Studio Solution File, Format Version 12.00
# Visual Studio Version 16
VisualStudioVersion = 16.0.31515.178
MinimumVisualStudioVersion = 10.0.40219.1
Project("{FAE04EC0-301F-11D3-BF4B-00C04F79EFBC}") = "BoBo2D", "BoBo2D\BoBo2D.csproj", "{DB5C58C2-8A1E-4498-924E-A6ABC590DFA2}"
EndProject
Global
	GlobalSection(SolutionConfigurationPlatforms) = preSolution
		Debug|Any CPU = Debug|Any CPU
		Release|Any CPU = Release|Any CPU
	EndGlobalSection
	GlobalSection(ProjectConfigurationPlatforms) = postSolution
		{DB5C58C2-8A1E-4498-924E-A6ABC590DFA2}.Debug|Any CPU.ActiveCfg = Debug|Any CPU
		{DB5C58C2-8A1E-4498-924E-A6ABC590DFA2}.Debug|Any CPU.Build.0 = Debug|Any CPU
		{DB5C58C2-8A1E-4498-924E-A6ABC590DFA2}.Release|Any CPU.ActiveCfg = Release|Any CPU
		{DB5C58C2-8A1E-4498-924E-A6ABC590DFA2}.Release|Any CPU.Build.0 = Release|Any CPU
	EndGlobalSection
	GlobalSection(SolutionProperties) = preSolution
		HideSolutionNode = FALSE
	EndGlobalSection
	GlobalSection(ExtensibilityGlobals) = postSolution
		SolutionGuid = {662098BF-54F9-4DCA-BC08-D717FBA89E97}
	EndGlobalSection
EndGlobal
